
Microsoft Visual Studio Solution File, Format Version 12.00
# Visual Studio Version 16
VisualStudioVersion = 16.0.31702.278
MinimumVisualStudioVersion = 10.0.40219.1
Project("{9A19103F-16F7-4668-BE54-9A1E7A4F7556}") = "Guard.Infrastructure", "..\Guard.Infrastructure\Guard.Infrastructure.csproj", "{694A15B8-EA78-4198-AD78-682E71A72B69}"
EndProject
Project("{9A19103F-16F7-4668-BE54-9A1E7A4F7556}") = "Guard.WPF", "..\Guard.WPF\Guard.WPF.csproj", "{F41F31C5-3F64-41B1-8735-7F75CCEE4900}"
EndProject
Project("{2150E333-8FDC-42A3-9474-1A3956D46DE8}") = "UI.WPF", "UI.WPF", "{2A99DD87-F17A-4810-9926-07B8DF9ADC7B}"
EndProject
Project("{2150E333-8FDC-42A3-9474-1A3956D46DE8}") = "BL", "BL", "{7F42251B-DE58-4FEC-B9F7-0E54A39CE32B}"
EndProject
Project("{9A19103F-16F7-4668-BE54-9A1E7A4F7556}") = "Guard.Models", "Guard.Models\Guard.Models.csproj", "{7BC2DDD1-7CDB-49B5-BFB9-AEE74B1E4574}"
EndProject
Project("{9A19103F-16F7-4668-BE54-9A1E7A4F7556}") = "Guard.BL", "Guard.BL\Guard.BL.csproj", "{27C1B605-21DC-4A53-B935-83E8418DDD71}"
EndProject
Project("{2150E333-8FDC-42A3-9474-1A3956D46DE8}") = "Infrastructure", "Infrastructure", "{A9C5DC11-7398-46CD-8DC3-FB38D587B12E}"
EndProject
Project("{9A19103F-16F7-4668-BE54-9A1E7A4F7556}") = "Guard.Avalonia", "..\Guard.Avalonia\Guard.Avalonia.csproj", "{799A3D6E-0520-4B7A-8F38-BEDDAB06928F}"
EndProject
Project("{2150E333-8FDC-42A3-9474-1A3956D46DE8}") = "SplitTests", "SplitTests", "{E9D11891-0396-4089-9793-FA3EE2F78888}"
EndProject
Project("{FAE04EC0-301F-11D3-BF4B-00C04F79EFBC}") = "OnboardingTrial.SplitTest", "OnboardingTrial.SplitTest\OnboardingTrial.SplitTest.csproj", "{CA73936C-E663-46BE-B274-F3079D0B1F46}"
EndProject
Project("{FAE04EC0-301F-11D3-BF4B-00C04F79EFBC}") = "SplitTest.Common", "SplitTest.Common\SplitTest.Common.csproj", "{428A0DF5-1E85-4D73-8AE3-E8CDD69E36A3}"
EndProject
Project("{FAE04EC0-301F-11D3-BF4B-00C04F79EFBC}") = "LoginFullVersion.SplitTest", "LoginFullVesion.SplitTest\LoginFullVersion.SplitTest.csproj", "{446847F0-5CB2-4431-996A-E57AD4F1E58C}"
EndProject
Project("{2150E333-8FDC-42A3-9474-1A3956D46DE8}") = "SplitTests.UI", "SplitTests.UI", "{58E2FBC0-3D82-4C21-A71B-3AE9B619BE49}"
EndProject
Project("{FAE04EC0-301F-11D3-BF4B-00C04F79EFBC}") = "Split.DataTemplates", "LoginFullVersion.DataTemplates\Split.DataTemplates.csproj", "{7614D8B1-EED7-41D4-AE93-A19C4C6B9B74}"
EndProject
Global
	GlobalSection(SolutionConfigurationPlatforms) = preSolution
		Debug|Any CPU = Debug|Any CPU
		Release|Any CPU = Release|Any CPU
	EndGlobalSection
	GlobalSection(ProjectConfigurationPlatforms) = postSolution
		{694A15B8-EA78-4198-AD78-682E71A72B69}.Debug|Any CPU.ActiveCfg = Debug|Any CPU
		{694A15B8-EA78-4198-AD78-682E71A72B69}.Debug|Any CPU.Build.0 = Debug|Any CPU
		{694A15B8-EA78-4198-AD78-682E71A72B69}.Release|Any CPU.ActiveCfg = Release|Any CPU
		{694A15B8-EA78-4198-AD78-682E71A72B69}.Release|Any CPU.Build.0 = Release|Any CPU
		{F41F31C5-3F64-41B1-8735-7F75CCEE4900}.Debug|Any CPU.ActiveCfg = Debug|Any CPU
		{F41F31C5-3F64-41B1-8735-7F75CCEE4900}.Debug|Any CPU.Build.0 = Debug|Any CPU
		{F41F31C5-3F64-41B1-8735-7F75CCEE4900}.Release|Any CPU.ActiveCfg = Release|Any CPU
		{F41F31C5-3F64-41B1-8735-7F75CCEE4900}.Release|Any CPU.Build.0 = Release|Any CPU
		{7BC2DDD1-7CDB-49B5-BFB9-AEE74B1E4574}.Debug|Any CPU.ActiveCfg = Debug|Any CPU
		{7BC2DDD1-7CDB-49B5-BFB9-AEE74B1E4574}.Debug|Any CPU.Build.0 = Debug|Any CPU
		{7BC2DDD1-7CDB-49B5-BFB9-AEE74B1E4574}.Release|Any CPU.ActiveCfg = Release|Any CPU
		{7BC2DDD1-7CDB-49B5-BFB9-AEE74B1E4574}.Release|Any CPU.Build.0 = Release|Any CPU
		{27C1B605-21DC-4A53-B935-83E8418DDD71}.Debug|Any CPU.ActiveCfg = Debug|Any CPU
		{27C1B605-21DC-4A53-B935-83E8418DDD71}.Debug|Any CPU.Build.0 = Debug|Any CPU
		{27C1B605-21DC-4A53-B935-83E8418DDD71}.Release|Any CPU.ActiveCfg = Release|Any CPU
		{27C1B605-21DC-4A53-B935-83E8418DDD71}.Release|Any CPU.Build.0 = Release|Any CPU
		{799A3D6E-0520-4B7A-8F38-BEDDAB06928F}.Debug|Any CPU.ActiveCfg = Debug|Any CPU
		{799A3D6E-0520-4B7A-8F38-BEDDAB06928F}.Debug|Any CPU.Build.0 = Debug|Any CPU
		{799A3D6E-0520-4B7A-8F38-BEDDAB06928F}.Release|Any CPU.ActiveCfg = Release|Any CPU
		{799A3D6E-0520-4B7A-8F38-BEDDAB06928F}.Release|Any CPU.Build.0 = Release|Any CPU
		{CA73936C-E663-46BE-B274-F3079D0B1F46}.Debug|Any CPU.ActiveCfg = Debug|Any CPU
		{CA73936C-E663-46BE-B274-F3079D0B1F46}.Debug|Any CPU.Build.0 = Debug|Any CPU
		{CA73936C-E663-46BE-B274-F3079D0B1F46}.Release|Any CPU.ActiveCfg = Release|Any CPU
		{CA73936C-E663-46BE-B274-F3079D0B1F46}.Release|Any CPU.Build.0 = Release|Any CPU
		{428A0DF5-1E85-4D73-8AE3-E8CDD69E36A3}.Debug|Any CPU.ActiveCfg = Debug|Any CPU
		{428A0DF5-1E85-4D73-8AE3-E8CDD69E36A3}.Debug|Any CPU.Build.0 = Debug|Any CPU
		{428A0DF5-1E85-4D73-8AE3-E8CDD69E36A3}.Release|Any CPU.ActiveCfg = Release|Any CPU
		{428A0DF5-1E85-4D73-8AE3-E8CDD69E36A3}.Release|Any CPU.Build.0 = Release|Any CPU
		{446847F0-5CB2-4431-996A-E57AD4F1E58C}.Debug|Any CPU.ActiveCfg = Debug|Any CPU
		{446847F0-5CB2-4431-996A-E57AD4F1E58C}.Debug|Any CPU.Build.0 = Debug|Any CPU
		{446847F0-5CB2-4431-996A-E57AD4F1E58C}.Release|Any CPU.ActiveCfg = Release|Any CPU
		{446847F0-5CB2-4431-996A-E57AD4F1E58C}.Release|Any CPU.Build.0 = Release|Any CPU
		{7614D8B1-EED7-41D4-AE93-A19C4C6B9B74}.Debug|Any CPU.ActiveCfg = Debug|Any CPU
		{7614D8B1-EED7-41D4-AE93-A19C4C6B9B74}.Debug|Any CPU.Build.0 = Debug|Any CPU
		{7614D8B1-EED7-41D4-AE93-A19C4C6B9B74}.Release|Any CPU.ActiveCfg = Release|Any CPU
		{7614D8B1-EED7-41D4-AE93-A19C4C6B9B74}.Release|Any CPU.Build.0 = Release|Any CPU
	EndGlobalSection
	GlobalSection(SolutionProperties) = preSolution
		HideSolutionNode = FALSE
	EndGlobalSection
	GlobalSection(NestedProjects) = preSolution
		{CA73936C-E663-46BE-B274-F3079D0B1F46} = {E9D11891-0396-4089-9793-FA3EE2F78888}
		{428A0DF5-1E85-4D73-8AE3-E8CDD69E36A3} = {E9D11891-0396-4089-9793-FA3EE2F78888}
		{446847F0-5CB2-4431-996A-E57AD4F1E58C} = {E9D11891-0396-4089-9793-FA3EE2F78888}
		{7614D8B1-EED7-41D4-AE93-A19C4C6B9B74} = {58E2FBC0-3D82-4C21-A71B-3AE9B619BE49}
	EndGlobalSection
	GlobalSection(ExtensibilityGlobals) = postSolution
		SolutionGuid = {2EBFA1E1-0F95-452E-9922-E59E79E52A18}
	EndGlobalSection
EndGlobal
